// !$*UTF8*$!
{
	archiveVersion = 1;
	classes = {
	};
	objectVersion = 77;
	objects = {

/* Begin PBXBuildFile section */
		C21B2F1F2EE346B8005FB28A /* MacEditorView.swift in Sources */ = {isa = PBXBuildFile; fileRef = C21B2F1E2EE346B8005FB28A /* MacEditorView.swift */; };
		C27DCBC72EE2540D007F5AD1 /* FloatingNotesApp.swift in Sources */ = {isa = PBXBuildFile; fileRef = C27DCBC62EE2540D007F5AD1 /* FloatingNotesApp.swift */; };
		C27DCBF22EE255A1007F5AD1 /* AppDelegate.swift in Sources */ = {isa = PBXBuildFile; fileRef = C27DCBF12EE255A1007F5AD1 /* AppDelegate.swift */; };
		C27DCBF42EE255AC007F5AD1 /* Note.swift in Sources */ = {isa = PBXBuildFile; fileRef = C27DCBF32EE255AC007F5AD1 /* Note.swift */; };
		C27DCBF62EE255B8007F5AD1 /* NoteStore.swift in Sources */ = {isa = PBXBuildFile; fileRef = C27DCBF52EE255B8007F5AD1 /* NoteStore.swift */; };
		C27DCBF82EE255C3007F5AD1 /* StickyWindowController.swift in Sources */ = {isa = PBXBuildFile; fileRef = C27DCBF72EE255C3007F5AD1 /* StickyWindowController.swift */; };
		C27DCBFA2EE255CE007F5AD1 /* StickyNoteView.swift in Sources */ = {isa = PBXBuildFile; fileRef = C27DCBF92EE255CE007F5AD1 /* StickyNoteView.swift */; };
		C27DCBFC2EE255D9007F5AD1 /* HotKeyManager.swift in Sources */ = {isa = PBXBuildFile; fileRef = C27DCBFB2EE255D9007F5AD1 /* HotKeyManager.swift */; };
/* End PBXBuildFile section */

/* Begin PBXContainerItemProxy section */
		C27DCBD12EE2540F007F5AD1 /* PBXContainerItemProxy */ = {
			isa = PBXContainerItemProxy;
			containerPortal = C27DCBBB2EE2540D007F5AD1 /* Project object */;
			proxyType = 1;
			remoteGlobalIDString = C27DCBC22EE2540D007F5AD1;
			remoteInfo = FloatingNotes;
		};
		C27DCBDB2EE2540F007F5AD1 /* PBXContainerItemProxy */ = {
			isa = PBXContainerItemProxy;
			containerPortal = C27DCBBB2EE2540D007F5AD1 /* Project object */;
			proxyType = 1;
			remoteGlobalIDString = C27DCBC22EE2540D007F5AD1;
			remoteInfo = FloatingNotes;
		};
/* End PBXContainerItemProxy section */

/* Begin PBXFileReference section */
		C21B2F1E2EE346B8005FB28A /* MacEditorView.swift */ = {isa = PBXFileReference; lastKnownFileType = sourcecode.swift; path = MacEditorView.swift; sourceTree = "<group>"; };
		C27DCBC32EE2540D007F5AD1 /* FloatingNotes.app */ = {isa = PBXFileReference; explicitFileType = wrapper.application; includeInIndex = 0; path = FloatingNotes.app; sourceTree = BUILT_PRODUCTS_DIR; };
		C27DCBC62EE2540D007F5AD1 /* FloatingNotesApp.swift */ = {isa = PBXFileReference; lastKnownFileType = sourcecode.swift; path = FloatingNotesApp.swift; sourceTree = "<group>"; };
		C27DCBD02EE2540F007F5AD1 /* FloatingNotesTests.xctest */ = {isa = PBXFileReference; explicitFileType = wrapper.cfbundle; includeInIndex = 0; path = FloatingNotesTests.xctest; sourceTree = BUILT_PRODUCTS_DIR; };
		C27DCBDA2EE2540F007F5AD1 /* FloatingNotesUITests.xctest */ = {isa = PBXFileReference; explicitFileType = wrapper.cfbundle; includeInIndex = 0; path = FloatingNotesUITests.xctest; sourceTree = BUILT_PRODUCTS_DIR; };
		C27DCBF12EE255A1007F5AD1 /* AppDelegate.swift */ = {isa = PBXFileReference; lastKnownFileType = sourcecode.swift; path = AppDelegate.swift; sourceTree = SOURCE_ROOT; };
		C27DCBF32EE255AC007F5AD1 /* Note.swift */ = {isa = PBXFileReference; lastKnownFileType = sourcecode.swift; path = Note.swift; sourceTree = "<group>"; };
		C27DCBF52EE255B8007F5AD1 /* NoteStore.swift */ = {isa = PBXFileReference; lastKnownFileType = sourcecode.swift; path = NoteStore.swift; sourceTree = "<group>"; };
		C27DCBF72EE255C3007F5AD1 /* StickyWindowController.swift */ = {isa = PBXFileReference; lastKnownFileType = sourcecode.swift; path = StickyWindowController.swift; sourceTree = "<group>"; };
		C27DCBF92EE255CE007F5AD1 /* StickyNoteView.swift */ = {isa = PBXFileReference; lastKnownFileType = sourcecode.swift; path = StickyNoteView.swift; sourceTree = "<group>"; };
		C27DCBFB2EE255D9007F5AD1 /* HotKeyManager.swift */ = {isa = PBXFileReference; lastKnownFileType = sourcecode.swift; path = HotKeyManager.swift; sourceTree = "<group>"; };
/* End PBXFileReference section */

/* Begin PBXFileSystemSynchronizedRootGroup section */
		C27DCBC52EE2540D007F5AD1 /* FloatingNotes */ = {
			isa = PBXFileSystemSynchronizedRootGroup;
			path = FloatingNotes;
			sourceTree = "<group>";
		};
		C27DCBD32EE2540F007F5AD1 /* FloatingNotesTests */ = {
			isa = PBXFileSystemSynchronizedRootGroup;
			path = FloatingNotesTests;
			sourceTree = "<group>";
		};
		C27DCBDD2EE2540F007F5AD1 /* FloatingNotesUITests */ = {
			isa = PBXFileSystemSynchronizedRootGroup;
			path = FloatingNotesUITests;
			sourceTree = "<group>";
		};
/* End PBXFileSystemSynchronizedRootGroup section */

/* Begin PBXFrameworksBuildPhase section */
		C27DCBC02EE2540D007F5AD1 /* Frameworks */ = {
			isa = PBXFrameworksBuildPhase;
			buildActionMask = 2147483647;
			files = (
			);
			runOnlyForDeploymentPostprocessing = 0;
		};
		C27DCBCD2EE2540F007F5AD1 /* Frameworks */ = {
			isa = PBXFrameworksBuildPhase;
			buildActionMask = 2147483647;
			files = (
			);
			runOnlyForDeploymentPostprocessing = 0;
		};
		C27DCBD72EE2540F007F5AD1 /* Frameworks */ = {
			isa = PBXFrameworksBuildPhase;
			buildActionMask = 2147483647;
			files = (
			);
			runOnlyForDeploymentPostprocessing = 0;
		};
/* End PBXFrameworksBuildPhase section */

/* Begin PBXGroup section */
		C27DCBBA2EE2540D007F5AD1 = {
			isa = PBXGroup;
			children = (
				C27DCBF02EE2555C007F5AD1 /* Hotkeys */,
				C27DCBEF2EE25556007F5AD1 /* Windows */,
				C27DCBEE2EE25549007F5AD1 /* Notes */,
				C27DCBED2EE2553C007F5AD1 /* Application */,
				C27DCBC52EE2540D007F5AD1 /* FloatingNotes */,
				C27DCBD32EE2540F007F5AD1 /* FloatingNotesTests */,
				C27DCBDD2EE2540F007F5AD1 /* FloatingNotesUITests */,
				C27DCBC42EE2540D007F5AD1 /* Products */,
			);
			sourceTree = "<group>";
		};
		C27DCBC42EE2540D007F5AD1 /* Products */ = {
			isa = PBXGroup;
			children = (
				C27DCBC32EE2540D007F5AD1 /* FloatingNotes.app */,
				C27DCBD02EE2540F007F5AD1 /* FloatingNotesTests.xctest */,
				C27DCBDA2EE2540F007F5AD1 /* FloatingNotesUITests.xctest */,
			);
			name = Products;
			sourceTree = "<group>";
		};
		C27DCBED2EE2553C007F5AD1 /* Application */ = {
			isa = PBXGroup;
			children = (
				C27DCBC62EE2540D007F5AD1 /* FloatingNotesApp.swift */,
				C27DCBF12EE255A1007F5AD1 /* AppDelegate.swift */,
			);
			path = Application;
			sourceTree = "<group>";
		};
		C27DCBEE2EE25549007F5AD1 /* Notes */ = {
			isa = PBXGroup;
			children = (
				C27DCBF32EE255AC007F5AD1 /* Note.swift */,
				C27DCBF52EE255B8007F5AD1 /* NoteStore.swift */,
			);
			path = Notes;
			sourceTree = "<group>";
		};
		C27DCBEF2EE25556007F5AD1 /* Windows */ = {
			isa = PBXGroup;
			children = (
				C27DCBF72EE255C3007F5AD1 /* StickyWindowController.swift */,
				C27DCBF92EE255CE007F5AD1 /* StickyNoteView.swift */,
				C21B2F1E2EE346B8005FB28A /* MacEditorView.swift */,
			);
			path = Windows;
			sourceTree = "<group>";
		};
		C27DCBF02EE2555C007F5AD1 /* Hotkeys */ = {
			isa = PBXGroup;
			children = (
				C27DCBFB2EE255D9007F5AD1 /* HotKeyManager.swift */,
			);
			path = Hotkeys;
			sourceTree = "<group>";
		};
/* End PBXGroup section */

/* Begin PBXNativeTarget section */
		C27DCBC22EE2540D007F5AD1 /* FloatingNotes */ = {
			isa = PBXNativeTarget;
			buildConfigurationList = C27DCBE42EE2540F007F5AD1 /* Build configuration list for PBXNativeTarget "FloatingNotes" */;
			buildPhases = (
				C27DCBBF2EE2540D007F5AD1 /* Sources */,
				C27DCBC02EE2540D007F5AD1 /* Frameworks */,
				C27DCBC12EE2540D007F5AD1 /* Resources */,
			);
			buildRules = (
			);
			dependencies = (
			);
			fileSystemSynchronizedGroups = (
				C27DCBC52EE2540D007F5AD1 /* FloatingNotes */,
			);
			name = FloatingNotes;
			packageProductDependencies = (
			);
			productName = FloatingNotes;
			productReference = C27DCBC32EE2540D007F5AD1 /* FloatingNotes.app */;
			productType = "com.apple.product-type.application";
		};
		C27DCBCF2EE2540F007F5AD1 /* FloatingNotesTests */ = {
			isa = PBXNativeTarget;
			buildConfigurationList = C27DCBE72EE2540F007F5AD1 /* Build configuration list for PBXNativeTarget "FloatingNotesTests" */;
			buildPhases = (
				C27DCBCC2EE2540F007F5AD1 /* Sources */,
				C27DCBCD2EE2540F007F5AD1 /* Frameworks */,
				C27DCBCE2EE2540F007F5AD1 /* Resources */,
			);
			buildRules = (
			);
			dependencies = (
				C27DCBD22EE2540F007F5AD1 /* PBXTargetDependency */,
			);
			fileSystemSynchronizedGroups = (
				C27DCBD32EE2540F007F5AD1 /* FloatingNotesTests */,
			);
			name = FloatingNotesTests;
			packageProductDependencies = (
			);
			productName = FloatingNotesTests;
			productReference = C27DCBD02EE2540F007F5AD1 /* FloatingNotesTests.xctest */;
			productType = "com.apple.product-type.bundle.unit-test";
		};
		C27DCBD92EE2540F007F5AD1 /* FloatingNotesUITests */ = {
			isa = PBXNativeTarget;
			buildConfigurationList = C27DCBEA2EE2540F007F5AD1 /* Build configuration list for PBXNativeTarget "FloatingNotesUITests" */;
			buildPhases = (
				C27DCBD62EE2540F007F5AD1 /* Sources */,
				C27DCBD72EE2540F007F5AD1 /* Frameworks */,
				C27DCBD82EE2540F007F5AD1 /* Resources */,
			);
			buildRules = (
			);
			dependencies = (
				C27DCBDC2EE2540F007F5AD1 /* PBXTargetDependency */,
			);
			fileSystemSynchronizedGroups = (
				C27DCBDD2EE2540F007F5AD1 /* FloatingNotesUITests */,
			);
			name = FloatingNotesUITests;
			packageProductDependencies = (
			);
			productName = FloatingNotesUITests;
			productReference = C27DCBDA2EE2540F007F5AD1 /* FloatingNotesUITests.xctest */;
			productType = "com.apple.product-type.bundle.ui-testing";
		};
/* End PBXNativeTarget section */

/* Begin PBXProject section */
		C27DCBBB2EE2540D007F5AD1 /* Project object */ = {
			isa = PBXProject;
			attributes = {
				BuildIndependentTargetsInParallel = 1;
				LastSwiftUpdateCheck = 2610;
				LastUpgradeCheck = 2610;
				TargetAttributes = {
					C27DCBC22EE2540D007F5AD1 = {
						CreatedOnToolsVersion = 26.1.1;
					};
					C27DCBCF2EE2540F007F5AD1 = {
						CreatedOnToolsVersion = 26.1.1;
						TestTargetID = C27DCBC22EE2540D007F5AD1;
					};
					C27DCBD92EE2540F007F5AD1 = {
						CreatedOnToolsVersion = 26.1.1;
						TestTargetID = C27DCBC22EE2540D007F5AD1;
					};
				};
			};
			buildConfigurationList = C27DCBBE2EE2540D007F5AD1 /* Build configuration list for PBXProject "FloatingNotes" */;
			developmentRegion = en;
			hasScannedForEncodings = 0;
			knownRegions = (
				en,
				Base,
			);
			mainGroup = C27DCBBA2EE2540D007F5AD1;
			minimizedProjectReferenceProxies = 1;
			preferredProjectObjectVersion = 77;
			productRefGroup = C27DCBC42EE2540D007F5AD1 /* Products */;
			projectDirPath = "";
			projectRoot = "";
			targets = (
				C27DCBC22EE2540D007F5AD1 /* FloatingNotes */,
				C27DCBCF2EE2540F007F5AD1 /* FloatingNotesTests */,
				C27DCBD92EE2540F007F5AD1 /* FloatingNotesUITests */,
			);
		};
/* End PBXProject section */

/* Begin PBXResourcesBuildPhase section */
		C27DCBC12EE2540D007F5AD1 /* Resources */ = {
			isa = PBXResourcesBuildPhase;
			buildActionMask = 2147483647;
			files = (
			);
			runOnlyForDeploymentPostprocessing = 0;
		};
		C27DCBCE2EE2540F007F5AD1 /* Resources */ = {
			isa = PBXResourcesBuildPhase;
			buildActionMask = 2147483647;
			files = (
			);
			runOnlyForDeploymentPostprocessing = 0;
		};
		C27DCBD82EE2540F007F5AD1 /* Resources */ = {
			isa = PBXResourcesBuildPhase;
			buildActionMask = 2147483647;
			files = (
			);
			runOnlyForDeploymentPostprocessing = 0;
		};
/* End PBXResourcesBuildPhase section */

/* Begin PBXSourcesBuildPhase section */
		C27DCBBF2EE2540D007F5AD1 /* Sources */ = {
			isa = PBXSourcesBuildPhase;
			buildActionMask = 2147483647;
			files = (
				C27DCBF22EE255A1007F5AD1 /* AppDelegate.swift in Sources */,
				C21B2F1F2EE346B8005FB28A /* MacEditorView.swift in Sources */,
				C27DCBFA2EE255CE007F5AD1 /* StickyNoteView.swift in Sources */,
				C27DCBC72EE2540D007F5AD1 /* FloatingNotesApp.swift in Sources */,
				C27DCBF62EE255B8007F5AD1 /* NoteStore.swift in Sources */,
				C27DCBFC2EE255D9007F5AD1 /* HotKeyManager.swift in Sources */,
				C27DCBF82EE255C3007F5AD1 /* StickyWindowController.swift in Sources */,
				C27DCBF42EE255AC007F5AD1 /* Note.swift in Sources */,
			);
			runOnlyForDeploymentPostprocessing = 0;
		};
		C27DCBCC2EE2540F007F5AD1 /* Sources */ = {
			isa = PBXSourcesBuildPhase;
			buildActionMask = 2147483647;
			files = (
			);
			runOnlyForDeploymentPostprocessing = 0;
		};
		C27DCBD62EE2540F007F5AD1 /* Sources */ = {
			isa = PBXSourcesBuildPhase;
			buildActionMask = 2147483647;
			files = (
			);
			runOnlyForDeploymentPostprocessing = 0;
		};
/* End PBXSourcesBuildPhase section */

/* Begin PBXTargetDependency section */
		C27DCBD22EE2540F007F5AD1 /* PBXTargetDependency */ = {
			isa = PBXTargetDependency;
			target = C27DCBC22EE2540D007F5AD1 /* FloatingNotes */;
			targetProxy = C27DCBD12EE2540F007F5AD1 /* PBXContainerItemProxy */;
		};
		C27DCBDC2EE2540F007F5AD1 /* PBXTargetDependency */ = {
			isa = PBXTargetDependency;
			target = C27DCBC22EE2540D007F5AD1 /* FloatingNotes */;
			targetProxy = C27DCBDB2EE2540F007F5AD1 /* PBXContainerItemProxy */;
		};
/* End PBXTargetDependency section */

/* Begin XCBuildConfiguration section */
		C27DCBE22EE2540F007F5AD1 /* Debug */ = {
			isa = XCBuildConfiguration;
			buildSettings = {
				ALWAYS_SEARCH_USER_PATHS = NO;
				ASSETCATALOG_COMPILER_GENERATE_SWIFT_ASSET_SYMBOL_EXTENSIONS = YES;
				CLANG_ANALYZER_NONNULL = YES;
				CLANG_ANALYZER_NUMBER_OBJECT_CONVERSION = YES_AGGRESSIVE;
				CLANG_CXX_LANGUAGE_STANDARD = "gnu++20";
				CLANG_ENABLE_MODULES = YES;
				CLANG_ENABLE_OBJC_ARC = YES;
				CLANG_ENABLE_OBJC_WEAK = YES;
				CLANG_WARN_BLOCK_CAPTURE_AUTORELEASING = YES;
				CLANG_WARN_BOOL_CONVERSION = YES;
				CLANG_WARN_COMMA = YES;
				CLANG_WARN_CONSTANT_CONVERSION = YES;
				CLANG_WARN_DEPRECATED_OBJC_IMPLEMENTATIONS = YES;
				CLANG_WARN_DIRECT_OBJC_ISA_USAGE = YES_ERROR;
				CLANG_WARN_DOCUMENTATION_COMMENTS = YES;
				CLANG_WARN_EMPTY_BODY = YES;
				CLANG_WARN_ENUM_CONVERSION = YES;
				CLANG_WARN_INFINITE_RECURSION = YES;
				CLANG_WARN_INT_CONVERSION = YES;
				CLANG_WARN_NON_LITERAL_NULL_CONVERSION = YES;
				CLANG_WARN_OBJC_IMPLICIT_RETAIN_SELF = YES;
				CLANG_WARN_OBJC_LITERAL_CONVERSION = YES;
				CLANG_WARN_OBJC_ROOT_CLASS = YES_ERROR;
				CLANG_WARN_QUOTED_INCLUDE_IN_FRAMEWORK_HEADER = YES;
				CLANG_WARN_RANGE_LOOP_ANALYSIS = YES;
				CLANG_WARN_STRICT_PROTOTYPES = YES;
				CLANG_WARN_SUSPICIOUS_MOVE = YES;
				CLANG_WARN_UNGUARDED_AVAILABILITY = YES_AGGRESSIVE;
				CLANG_WARN_UNREACHABLE_CODE = YES;
				CLANG_WARN__DUPLICATE_METHOD_MATCH = YES;
				COPY_PHASE_STRIP = NO;
				DEBUG_INFORMATION_FORMAT = dwarf;
				DEVELOPMENT_TEAM = Y343B42RKF;
				ENABLE_STRICT_OBJC_MSGSEND = YES;
				ENABLE_TESTABILITY = YES;
				ENABLE_USER_SCRIPT_SANDBOXING = YES;
				GCC_C_LANGUAGE_STANDARD = gnu17;
				GCC_DYNAMIC_NO_PIC = NO;
				GCC_NO_COMMON_BLOCKS = YES;
				GCC_OPTIMIZATION_LEVEL = 0;
				GCC_PREPROCESSOR_DEFINITIONS = (
					"DEBUG=1",
					"$(inherited)",
				);
				GCC_WARN_64_TO_32_BIT_CONVERSION = YES;
				GCC_WARN_ABOUT_RETURN_TYPE = YES_ERROR;
				GCC_WARN_UNDECLARED_SELECTOR = YES;
				GCC_WARN_UNINITIALIZED_AUTOS = YES_AGGRESSIVE;
				GCC_WARN_UNUSED_FUNCTION = YES;
				GCC_WARN_UNUSED_VARIABLE = YES;
				LOCALIZATION_PREFERS_STRING_CATALOGS = YES;
				MACOSX_DEPLOYMENT_TARGET = 26.1;
				MTL_ENABLE_DEBUG_INFO = INCLUDE_SOURCE;
				MTL_FAST_MATH = YES;
				ONLY_ACTIVE_ARCH = YES;
				SDKROOT = macosx;
				SWIFT_ACTIVE_COMPILATION_CONDITIONS = "DEBUG $(inherited)";
				SWIFT_OPTIMIZATION_LEVEL = "-Onone";
			};
			name = Debug;
		};
		C27DCBE32EE2540F007F5AD1 /* Release */ = {
			isa = XCBuildConfiguration;
			buildSettings = {
				ALWAYS_SEARCH_USER_PATHS = NO;
				ASSETCATALOG_COMPILER_GENERATE_SWIFT_ASSET_SYMBOL_EXTENSIONS = YES;
				CLANG_ANALYZER_NONNULL = YES;
				CLANG_ANALYZER_NUMBER_OBJECT_CONVERSION = YES_AGGRESSIVE;
				CLANG_CXX_LANGUAGE_STANDARD = "gnu++20";
				CLANG_ENABLE_MODULES = YES;
				CLANG_ENABLE_OBJC_ARC = YES;
				CLANG_ENABLE_OBJC_WEAK = YES;
				CLANG_WARN_BLOCK_CAPTURE_AUTORELEASING = YES;
				CLANG_WARN_BOOL_CONVERSION = YES;
				CLANG_WARN_COMMA = YES;
				CLANG_WARN_CONSTANT_CONVERSION = YES;
				CLANG_WARN_DEPRECATED_OBJC_IMPLEMENTATIONS = YES;
				CLANG_WARN_DIRECT_OBJC_ISA_USAGE = YES_ERROR;
				CLANG_WARN_DOCUMENTATION_COMMENTS = YES;
				CLANG_WARN_EMPTY_BODY = YES;
				CLANG_WARN_ENUM_CONVERSION = YES;
				CLANG_WARN_INFINITE_RECURSION = YES;
				CLANG_WARN_INT_CONVERSION = YES;
				CLANG_WARN_NON_LITERAL_NULL_CONVERSION = YES;
				CLANG_WARN_OBJC_IMPLICIT_RETAIN_SELF = YES;
				CLANG_WARN_OBJC_LITERAL_CONVERSION = YES;
				CLANG_WARN_OBJC_ROOT_CLASS = YES_ERROR;
				CLANG_WARN_QUOTED_INCLUDE_IN_FRAMEWORK_HEADER = YES;
				CLANG_WARN_RANGE_LOOP_ANALYSIS = YES;
				CLANG_WARN_STRICT_PROTOTYPES = YES;
				CLANG_WARN_SUSPICIOUS_MOVE = YES;
				CLANG_WARN_UNGUARDED_AVAILABILITY = YES_AGGRESSIVE;
				CLANG_WARN_UNREACHABLE_CODE = YES;
				CLANG_WARN__DUPLICATE_METHOD_MATCH = YES;
				COPY_PHASE_STRIP = NO;
				DEBUG_INFORMATION_FORMAT = "dwarf-with-dsym";
				DEVELOPMENT_TEAM = Y343B42RKF;
				ENABLE_NS_ASSERTIONS = NO;
				ENABLE_STRICT_OBJC_MSGSEND = YES;
				ENABLE_USER_SCRIPT_SANDBOXING = YES;
				GCC_C_LANGUAGE_STANDARD = gnu17;
				GCC_NO_COMMON_BLOCKS = YES;
				GCC_WARN_64_TO_32_BIT_CONVERSION = YES;
				GCC_WARN_ABOUT_RETURN_TYPE = YES_ERROR;
				GCC_WARN_UNDECLARED_SELECTOR = YES;
				GCC_WARN_UNINITIALIZED_AUTOS = YES_AGGRESSIVE;
				GCC_WARN_UNUSED_FUNCTION = YES;
				GCC_WARN_UNUSED_VARIABLE = YES;
				LOCALIZATION_PREFERS_STRING_CATALOGS = YES;
				MACOSX_DEPLOYMENT_TARGET = 26.1;
				MTL_ENABLE_DEBUG_INFO = NO;
				MTL_FAST_MATH = YES;
				SDKROOT = macosx;
				SWIFT_COMPILATION_MODE = wholemodule;
			};
			name = Release;
		};
		C27DCBE52EE2540F007F5AD1 /* Debug */ = {
			isa = XCBuildConfiguration;
			buildSettings = {
				ASSETCATALOG_COMPILER_APPICON_NAME = AppIcon;
				ASSETCATALOG_COMPILER_GLOBAL_ACCENT_COLOR_NAME = AccentColor;
				CODE_SIGN_STYLE = Automatic;
				COMBINE_HIDPI_IMAGES = YES;
				CURRENT_PROJECT_VERSION = 1;
				DEVELOPMENT_TEAM = Y343B42RKF;
				ENABLE_APP_SANDBOX = YES;
				ENABLE_HARDENED_RUNTIME = YES;
				ENABLE_PREVIEWS = YES;
				ENABLE_USER_SELECTED_FILES = readonly;
				GENERATE_INFOPLIST_FILE = YES;
				INFOPLIST_KEY_NSHumanReadableCopyright = "";
				LD_RUNPATH_SEARCH_PATHS = (
					"$(inherited)",
					"@executable_path/../Frameworks",
				);
				MACOSX_DEPLOYMENT_TARGET = 14.0;
				MARKETING_VERSION = 1.0;
				PRODUCT_BUNDLE_IDENTIFIER = com.sathvikchowdary.FloatingNotes;
				PRODUCT_NAME = "$(TARGET_NAME)";
				REGISTER_APP_GROUPS = YES;
				STRING_CATALOG_GENERATE_SYMBOLS = YES;
				SWIFT_APPROACHABLE_CONCURRENCY = YES;
				SWIFT_DEFAULT_ACTOR_ISOLATION = MainActor;
				SWIFT_EMIT_LOC_STRINGS = YES;
				SWIFT_UPCOMING_FEATURE_MEMBER_IMPORT_VISIBILITY = YES;
				SWIFT_VERSION = 5.0;
			};
			name = Debug;
		};
		C27DCBE62EE2540F007F5AD1 /* Release */ = {
			isa = XCBuildConfiguration;
			buildSettings = {
				ASSETCATALOG_COMPILER_APPICON_NAME = AppIcon;
				ASSETCATALOG_COMPILER_GLOBAL_ACCENT_COLOR_NAME = AccentColor;
				CODE_SIGN_STYLE = Automatic;
				COMBINE_HIDPI_IMAGES = YES;
				CURRENT_PROJECT_VERSION = 1;
				DEVELOPMENT_TEAM = Y343B42RKF;
				ENABLE_APP_SANDBOX = YES;
				ENABLE_HARDENED_RUNTIME = YES;
				ENABLE_PREVIEWS = YES;
				ENABLE_USER_SELECTED_FILES = readonly;
				GENERATE_INFOPLIST_FILE = YES;
				INFOPLIST_KEY_NSHumanReadableCopyright = "";
				LD_RUNPATH_SEARCH_PATHS = (
					"$(inherited)",
					"@executable_path/../Frameworks",
				);
				MACOSX_DEPLOYMENT_TARGET = 14.0;
				MARKETING_VERSION = 1.0;
				PRODUCT_BUNDLE_IDENTIFIER = com.sathvikchowdary.FloatingNotes;
				PRODUCT_NAME = "$(TARGET_NAME)";
				REGISTER_APP_GROUPS = YES;
				STRING_CATALOG_GENERATE_SYMBOLS = YES;
				SWIFT_APPROACHABLE_CONCURRENCY = YES;
				SWIFT_DEFAULT_ACTOR_ISOLATION = MainActor;
				SWIFT_EMIT_LOC_STRINGS = YES;
				SWIFT_UPCOMING_FEATURE_MEMBER_IMPORT_VISIBILITY = YES;
				SWIFT_VERSION = 5.0;
			};
			name = Release;
		};
		C27DCBE82EE2540F007F5AD1 /* Debug */ = {
			isa = XCBuildConfiguration;
			buildSettings = {
				BUNDLE_LOADER = "$(TEST_HOST)";
				CODE_SIGN_STYLE = Automatic;
				CURRENT_PROJECT_VERSION = 1;
				DEVELOPMENT_TEAM = Y343B42RKF;
				GENERATE_INFOPLIST_FILE = YES;
				MACOSX_DEPLOYMENT_TARGET = 26.1;
				MARKETING_VERSION = 1.0;
				PRODUCT_BUNDLE_IDENTIFIER = com.sathvikchowdary.FloatingNotesTests;
				PRODUCT_NAME = "$(TARGET_NAME)";
				STRING_CATALOG_GENERATE_SYMBOLS = NO;
				SWIFT_APPROACHABLE_CONCURRENCY = YES;
				SWIFT_EMIT_LOC_STRINGS = NO;
				SWIFT_UPCOMING_FEATURE_MEMBER_IMPORT_VISIBILITY = YES;
				SWIFT_VERSION = 5.0;
				TEST_HOST = "$(BUILT_PRODUCTS_DIR)/FloatingNotes.app/$(BUNDLE_EXECUTABLE_FOLDER_PATH)/FloatingNotes";
			};
			name = Debug;
		};
		C27DCBE92EE2540F007F5AD1 /* Release */ = {
			isa = XCBuildConfiguration;
			buildSettings = {
				BUNDLE_LOADER = "$(TEST_HOST)";
				CODE_SIGN_STYLE = Automatic;
				CURRENT_PROJECT_VERSION = 1;
				DEVELOPMENT_TEAM = Y343B42RKF;
				GENERATE_INFOPLIST_FILE = YES;
				MACOSX_DEPLOYMENT_TARGET = 26.1;
				MARKETING_VERSION = 1.0;
				PRODUCT_BUNDLE_IDENTIFIER = com.sathvikchowdary.FloatingNotesTests;
				PRODUCT_NAME = "$(TARGET_NAME)";
				STRING_CATALOG_GENERATE_SYMBOLS = NO;
				SWIFT_APPROACHABLE_CONCURRENCY = YES;
				SWIFT_EMIT_LOC_STRINGS = NO;
				SWIFT_UPCOMING_FEATURE_MEMBER_IMPORT_VISIBILITY = YES;
				SWIFT_VERSION = 5.0;
				TEST_HOST = "$(BUILT_PRODUCTS_DIR)/FloatingNotes.app/$(BUNDLE_EXECUTABLE_FOLDER_PATH)/FloatingNotes";
			};
			name = Release;
		};
		C27DCBEB2EE2540F007F5AD1 /* Debug */ = {
			isa = XCBuildConfiguration;
			buildSettings = {
				CODE_SIGN_STYLE = Automatic;
				CURRENT_PROJECT_VERSION = 1;
				DEVELOPMENT_TEAM = Y343B42RKF;
				GENERATE_INFOPLIST_FILE = YES;
				MARKETING_VERSION = 1.0;
				PRODUCT_BUNDLE_IDENTIFIER = com.sathvikchowdary.FloatingNotesUITests;
				PRODUCT_NAME = "$(TARGET_NAME)";
				STRING_CATALOG_GENERATE_SYMBOLS = NO;
				SWIFT_APPROACHABLE_CONCURRENCY = YES;
				SWIFT_EMIT_LOC_STRINGS = NO;
				SWIFT_UPCOMING_FEATURE_MEMBER_IMPORT_VISIBILITY = YES;
				SWIFT_VERSION = 5.0;
				TEST_TARGET_NAME = FloatingNotes;
			};
			name = Debug;
		};
		C27DCBEC2EE2540F007F5AD1 /* Release */ = {
			isa = XCBuildConfiguration;
			buildSettings = {
				CODE_SIGN_STYLE = Automatic;
				CURRENT_PROJECT_VERSION = 1;
				DEVELOPMENT_TEAM = Y343B42RKF;
				GENERATE_INFOPLIST_FILE = YES;
				MARKETING_VERSION = 1.0;
				PRODUCT_BUNDLE_IDENTIFIER = com.sathvikchowdary.FloatingNotesUITests;
				PRODUCT_NAME = "$(TARGET_NAME)";
				STRING_CATALOG_GENERATE_SYMBOLS = NO;
				SWIFT_APPROACHABLE_CONCURRENCY = YES;
				SWIFT_EMIT_LOC_STRINGS = NO;
				SWIFT_UPCOMING_FEATURE_MEMBER_IMPORT_VISIBILITY = YES;
				SWIFT_VERSION = 5.0;
				TEST_TARGET_NAME = FloatingNotes;
			};
			name = Release;
		};
/* End XCBuildConfiguration section */

/* Begin XCConfigurationList section */
		C27DCBBE2EE2540D007F5AD1 /* Build configuration list for PBXProject "FloatingNotes" */ = {
			isa = XCConfigurationList;
			buildConfigurations = (
				C27DCBE22EE2540F007F5AD1 /* Debug */,
				C27DCBE32EE2540F007F5AD1 /* Release */,
			);
			defaultConfigurationIsVisible = 0;
			defaultConfigurationName = Release;
		};
		C27DCBE42EE2540F007F5AD1 /* Build configuration list for PBXNativeTarget "FloatingNotes" */ = {
			isa = XCConfigurationList;
			buildConfigurations = (
				C27DCBE52EE2540F007F5AD1 /* Debug */,
				C27DCBE62EE2540F007F5AD1 /* Release */,
			);
			defaultConfigurationIsVisible = 0;
			defaultConfigurationName = Release;
		};
		C27DCBE72EE2540F007F5AD1 /* Build configuration list for PBXNativeTarget "FloatingNotesTests" */ = {
			isa = XCConfigurationList;
			buildConfigurations = (
				C27DCBE82EE2540F007F5AD1 /* Debug */,
				C27DCBE92EE2540F007F5AD1 /* Release */,
			);
			defaultConfigurationIsVisible = 0;
			defaultConfigurationName = Release;
		};
		C27DCBEA2EE2540F007F5AD1 /* Build configuration list for PBXNativeTarget "FloatingNotesUITests" */ = {
			isa = XCConfigurationList;
			buildConfigurations = (
				C27DCBEB2EE2540F007F5AD1 /* Debug */,
				C27DCBEC2EE2540F007F5AD1 /* Release */,
			);
			defaultConfigurationIsVisible = 0;
			defaultConfigurationName = Release;
		};
/* End XCConfigurationList section */
	};
	rootObject = C27DCBBB2EE2540D007F5AD1 /* Project object */;
}
